<?xml version="1.0" encoding="utf-8"?>
<Project ToolsVersion="4.0" xmlns="http://schemas.microsoft.com/developer/msbuild/2003">
  <ItemGroup>
    <Filter Include="Source Files">
      <UniqueIdentifier>{4FC737F1-C7A5-4376-A066-2A32D752A2FF}</UniqueIdentifier>
      <Extensions>cpp;c;cc;cxx;def;odl;idl;hpj;bat;asm;asmx</Extensions>
    </Filter>
    <Filter Include="Header Files">
      <UniqueIdentifier>{93995380-89BD-4b04-88EB-625FBE52EBFB}</UniqueIdentifier>
      <Extensions>h;hh;hpp;hxx;hm;inl;inc;ipp;xsd</Extensions>
    </Filter>
    <Filter Include="Resource Files">
      <UniqueIdentifier>{67DA6AB6-F800-4c08-8B7A-83BB121AAD01}</UniqueIdentifier>
      <Extensions>rc;ico;cur;bmp;dlg;rc2;rct;bin;rgs;gif;jpg;jpeg;jpe;resx;tiff;tif;png;wav;mfcribbon-ms</Extensions>
    </Filter>
  </ItemGroup>
  <ItemGroup>
    <ClInclude Include="pch.h">
      <Filter>Header Files</Filter>
    </ClInclude>
    <ClInclude Include="Timer.h">
      <Filter>Header Files</Filter>
    </ClInclude>
    <ClInclude Include="Matrix.h">
      <Filter>Header Files</Filter>
    </ClInclude>
    <ClInclude Include="TSP.h">
      <Filter>Header Files</Filter>
    </ClInclude>
    <ClInclude Include="TabuList.h">
      <Filter>Header Files</Filter>
    </ClInclude>
    <ClInclude Include="PathStep.h">
      <Filter>Header Files</Filter>
    </ClInclude>
    <ClInclude Include="Ant.h">
      <Filter>Header Files</Filter>
    </ClInclude>
  </ItemGroup>
  <ItemGroup>
    <ClCompile Include="pch.cpp">
      <Filter>Source Files</Filter>
    </ClCompile>
    <ClCompile Include="App.cpp">
      <Filter>Source Files</Filter>
    </ClCompile>
    <ClCompile Include="Timer.cpp">
      <Filter>Source Files</Filter>
    </ClCompile>
    <ClCompile Include="Matrix.cpp">
      <Filter>Source Files</Filter>
    </ClCompile>
    <ClCompile Include="TSP.cpp">
      <Filter>Source Files</Filter>
    </ClCompile>
    <ClCompile Include="TabuList.cpp">
      <Filter>Source Files</Filter>
    </ClCompile>
    <ClCompile Include="PathStep.cpp">
      <Filter>Source Files</Filter>
    </ClCompile>
    <ClCompile Include="Ant.cpp">
      <Filter>Source Files</Filter>
    </ClCompile>
  </ItemGroup>
  <ItemGroup>
    <Text Include="data10.txt" />
    <Text Include="data11.txt" />
    <Text Include="data12.txt" />
    <Text Include="data13.txt" />
    <Text Include="data14.txt" />
    <Text Include="data15.txt" />
    <Text Include="data16.txt" />
    <Text Include="data18.txt" />
    <Text Include="data5.txt" />
    <Text Include="data21.txt" />
    <Text Include="data24.txt" />
    <Text Include="data26.txt" />
    <Text Include="data29.txt" />
    <Text Include="data42.txt" />
    <Text Include="data58.txt" />
    <Text Include="data120.txt" />
    <Text Include="data34.txt" />
    <Text Include="data36.txt" />
    <Text Include="data39.txt" />
    <Text Include="data43.txt" />
    <Text Include="data45.txt" />
    <Text Include="data48.txt" />
    <Text Include="data53.txt" />
    <Text Include="data56.txt" />
    <Text Include="data65.txt" />
    <Text Include="data70.txt" />
    <Text Include="data71.txt" />
    <Text Include="data100.txt" />
    <Text Include="data171.txt" />
    <Text Include="data323.txt" />
    <Text Include="data358.txt" />
    <Text Include="data403.txt" />
    <Text Include="data443.txt" />
    <Text Include="data17.txt" />
  </ItemGroup>
</Project>