<?xml version="1.0" encoding="utf-8"?>
<Project ToolsVersion="4.0" xmlns="http://schemas.microsoft.com/developer/msbuild/2003">
  <ItemGroup>
    <Filter Include="Source Files">
      <UniqueIdentifier>{4FC737F1-C7A5-4376-A066-2A32D752A2FF}</UniqueIdentifier>
      <Extensions>cpp;c;cc;cxx;def;odl;idl;hpj;bat;asm;asmx</Extensions>
    </Filter>
    <Filter Include="Header Files">
      <UniqueIdentifier>{93995380-89BD-4b04-88EB-625FBE52EBFB}</UniqueIdentifier>
      <Extensions>h;hh;hpp;hxx;hm;inl;inc;ipp;xsd</Extensions>
    </Filter>
    <Filter Include="Resource Files">
      <UniqueIdentifier>{67DA6AB6-F800-4c08-8B7A-83BB121AAD01}</UniqueIdentifier>
      <Extensions>rc;ico;cur;bmp;dlg;rc2;rct;bin;rgs;gif;jpg;jpeg;jpe;resx;tiff;tif;png;wav;mfcribbon-ms</Extensions>
    </Filter>
  </ItemGroup>
  <ItemGroup>
    <ClInclude Include="pch.h">
      <Filter>Header Files</Filter>
    </ClInclude>
    <ClInclude Include="Timer.h">
      <Filter>Header Files</Filter>
    </ClInclude>
    <ClInclude Include="Matrix.h">
      <Filter>Header Files</Filter>
    </ClInclude>
    <ClInclude Include="TSP.h">
      <Filter>Header Files</Filter>
    </ClInclude>
    <ClInclude Include="TabuList.h">
      <Filter>Header Files</Filter>
    </ClInclude>
    <ClInclude Include="PathStep.h">
      <Filter>Header Files</Filter>
    </ClInclude>
    <ClInclude Include="Ant.h">
      <Filter>Header Files</Filter>
    </ClInclude>
  </ItemGroup>
  <ItemGroup>
    <ClCompile Include="pch.cpp">
      <Filter>Source Files</Filter>
    </ClCompile>
    <ClCompile Include="App.cpp">
      <Filter>Source Files</Filter>
    </ClCompile>
    <ClCompile Include="Timer.cpp">
      <Filter>Source Files</Filter>
    </ClCompile>
    <ClCompile Include="Matrix.cpp">
      <Filter>Source Files</Filter>
    </ClCompile>
    <ClCompile Include="TSP.cpp">
      <Filter>Source Files</Filter>
    </ClCompile>
    <ClCompile Include="TabuList.cpp">
      <Filter>Source Files</Filter>
    </ClCompile>
    <ClCompile Include="PathStep.cpp">
      <Filter>Source Files</Filter>
    </ClCompile>
    <ClCompile Include="Ant.cpp">
      <Filter>Source Files</Filter>
    </ClCompile>
  </ItemGroup>
  <ItemGroup>
    <Text Include="data5.txt">
      <Filter>Resource Files</Filter>
    </Text>
    <Text Include="data10.txt">
      <Filter>Resource Files</Filter>
    </Text>
    <Text Include="data11.txt">
      <Filter>Resource Files</Filter>
    </Text>
    <Text Include="data12.txt">
      <Filter>Resource Files</Filter>
    </Text>
    <Text Include="data13.txt">
      <Filter>Resource Files</Filter>
    </Text>
    <Text Include="data14.txt">
      <Filter>Resource Files</Filter>
    </Text>
    <Text Include="data15.txt">
      <Filter>Resource Files</Filter>
    </Text>
    <Text Include="data16.txt">
      <Filter>Resource Files</Filter>
    </Text>
    <Text Include="data17.txt">
      <Filter>Resource Files</Filter>
    </Text>
    <Text Include="data18.txt">
      <Filter>Resource Files</Filter>
    </Text>
    <Text Include="data21.txt">
      <Filter>Resource Files</Filter>
    </Text>
    <Text Include="data24.txt">
      <Filter>Resource Files</Filter>
    </Text>
    <Text Include="data26.txt">
      <Filter>Resource Files</Filter>
    </Text>
    <Text Include="data29.txt">
      <Filter>Resource Files</Filter>
    </Text>
    <Text Include="data34.txt">
      <Filter>Resource Files</Filter>
    </Text>
    <Text Include="data36.txt">
      <Filter>Resource Files</Filter>
    </Text>
    <Text Include="data39.txt">
      <Filter>Resource Files</Filter>
    </Text>
    <Text Include="data42.txt">
      <Filter>Resource Files</Filter>
    </Text>
    <Text Include="data43.txt">
      <Filter>Resource Files</Filter>
    </Text>
    <Text Include="data45.txt">
      <Filter>Resource Files</Filter>
    </Text>
    <Text Include="data48.txt">
      <Filter>Resource Files</Filter>
    </Text>
    <Text Include="data53.txt">
      <Filter>Resource Files</Filter>
    </Text>
    <Text Include="data56.txt">
      <Filter>Resource Files</Filter>
    </Text>
    <Text Include="data58.txt">
      <Filter>Resource Files</Filter>
    </Text>
    <Text Include="data65.txt">
      <Filter>Resource Files</Filter>
    </Text>
    <Text Include="data70.txt">
      <Filter>Resource Files</Filter>
    </Text>
    <Text Include="data71.txt">
      <Filter>Resource Files</Filter>
    </Text>
    <Text Include="data100.txt">
      <Filter>Resource Files</Filter>
    </Text>
    <Text Include="data120.txt">
      <Filter>Resource Files</Filter>
    </Text>
    <Text Include="data171.txt">
      <Filter>Resource Files</Filter>
    </Text>
    <Text Include="data323.txt">
      <Filter>Resource Files</Filter>
    </Text>
    <Text Include="data358.txt">
      <Filter>Resource Files</Filter>
    </Text>
    <Text Include="data403.txt">
      <Filter>Resource Files</Filter>
    </Text>
    <Text Include="data443.txt">
      <Filter>Resource Files</Filter>
    </Text>
    <Text Include="Data\data5.txt">
      <Filter>Resource Files</Filter>
    </Text>
    <Text Include="Data\data10.txt">
      <Filter>Resource Files</Filter>
    </Text>
    <Text Include="Data\data11.txt">
      <Filter>Resource Files</Filter>
    </Text>
    <Text Include="Data\data12.txt">
      <Filter>Resource Files</Filter>
    </Text>
    <Text Include="Data\data13.txt">
      <Filter>Resource Files</Filter>
    </Text>
    <Text Include="Data\data14.txt">
      <Filter>Resource Files</Filter>
    </Text>
    <Text Include="Data\data15.txt">
      <Filter>Resource Files</Filter>
    </Text>
    <Text Include="Data\data16.txt">
      <Filter>Resource Files</Filter>
    </Text>
    <Text Include="Data\data17.txt">
      <Filter>Resource Files</Filter>
    </Text>
    <Text Include="Data\data18.txt">
      <Filter>Resource Files</Filter>
    </Text>
    <Text Include="Data\data21.txt">
      <Filter>Resource Files</Filter>
    </Text>
    <Text Include="Data\data24.txt">
      <Filter>Resource Files</Filter>
    </Text>
    <Text Include="Data\data26.txt">
      <Filter>Resource Files</Filter>
    </Text>
    <Text Include="Data\data29.txt">
      <Filter>Resource Files</Filter>
    </Text>
    <Text Include="Data\data34.txt">
      <Filter>Resource Files</Filter>
    </Text>
    <Text Include="Data\data36.txt">
      <Filter>Resource Files</Filter>
    </Text>
    <Text Include="Data\data39.txt">
      <Filter>Resource Files</Filter>
    </Text>
    <Text Include="Data\data42.txt">
      <Filter>Resource Files</Filter>
    </Text>
    <Text Include="Data\data43.txt">
      <Filter>Resource Files</Filter>
    </Text>
    <Text Include="Data\data45.txt">
      <Filter>Resource Files</Filter>
    </Text>
    <Text Include="Data\data48.txt">
      <Filter>Resource Files</Filter>
    </Text>
    <Text Include="Data\data53.txt">
      <Filter>Resource Files</Filter>
    </Text>
    <Text Include="Data\data56.txt">
      <Filter>Resource Files</Filter>
    </Text>
    <Text Include="Data\data58.txt">
      <Filter>Resource Files</Filter>
    </Text>
    <Text Include="Data\data65.txt">
      <Filter>Resource Files</Filter>
    </Text>
    <Text Include="Data\data70.txt">
      <Filter>Resource Files</Filter>
    </Text>
    <Text Include="Data\data71.txt">
      <Filter>Resource Files</Filter>
    </Text>
    <Text Include="Data\data100.txt">
      <Filter>Resource Files</Filter>
    </Text>
    <Text Include="Data\data120.txt">
      <Filter>Resource Files</Filter>
    </Text>
    <Text Include="Data\data171.txt">
      <Filter>Resource Files</Filter>
    </Text>
    <Text Include="Data\data323.txt">
      <Filter>Resource Files</Filter>
    </Text>
    <Text Include="Data\data358.txt">
      <Filter>Resource Files</Filter>
    </Text>
    <Text Include="Data\data403.txt">
      <Filter>Resource Files</Filter>
    </Text>
    <Text Include="Data\data443.txt">
      <Filter>Resource Files</Filter>
    </Text>
  </ItemGroup>
</Project>